github.com/go-asn1-ber/asn1-ber v1.5.7 h1:DTX+lbVTWaTw1hQ+PbZPlnDZPEIs0SS/GCZAl535dDk=
github.com/go-asn1-ber/asn1-ber v1.5.7/go.mod h1:hEBeB/ic+5LoWskz+yKT7vGhhPYkProFKoKdwZRWMe0=
github.com/misiektoja/go-composite-mldsa v0.1.0 h1:/INCDOWXsPqJNYCzMmygIgYmiFg3kU0B46goGjzENU8=
github.com/misiektoja/go-composite-mldsa v0.1.0/go.mod h1:fhddLN7LftPksUqjJOmzoUXR/uFijX2tgmsLGN+PaMI=
github.com/stretchr/testify v1.12.1 h1:EuwCh5fleGS7H32xRwO3wRGT7DxrDhLAT6FF8MpWDWE=
github.com/stretchr/testify v1.12.1/go.mod h1:MDEgiDPPsNp5cuIrHPPCyornHKgEVbtFUmoNlxoYthg=
github.com/tsaarni/certyaml v0.13.0 h1:QZAW7S4nRQUn2k4E6jZyErn7kzE1Nk5v3LnoiS0F+Fo=
github.com/tsaarni/certyaml v0.13.0/go.mod h1:UZgnD4kY4DWzeRjbtVeb77dGlV2DX4R2eV5TZIIJruU=
github.com/tsaarni/x500dn v1.1.0 h1:+rgqGj7LQEkdIIRLsYJm5S6M2dDBscb6/xiEcGW678s=
github.com/tsaarni/x500dn v1.1.0/go.mod h1:vzfi5pu5wr1eeFf9/0rIr5Bc1kxeyes4jFMCcp0wfCk=
go.yaml.in/yaml/v3 v3.0.5 h1:N6y/pJk8buWs9NY5ERU2HSMfm+IuD/OtfdAnq6kESPw=
go.yaml.in/yaml/v3 v3.0.5/go.mod h1:HVTZu1O7/Vkt2N+BFy8Zza+lnLsABggaTM2ZpNIGuKg=
golang.org/x/crypto v0.57.0 h1:3ZVCjf8Ggz7zneR/EHRVx68Ctf+2pmIMP2UFhh9cC6M=
golang.org/x/crypto v0.57.0/go.mod h1:Fdz0i5U6CoizGwLda9DttjSk6qlZo25zYNtR+ycvuZA=
